
Microsoft Visual Studio Solution File, Format Version 12.00
# Visual Studio Version 17
VisualStudioVersion = 17.4.33213.308
MinimumVisualStudioVersion = 10.0.40219.1
Project("{FAE04EC0-301F-11D3-BF4B-00C04F79EFBC}") = "Projeto PedroNogueira TI18N", "Projeto PedroNogueira TI18N\Projeto PedroNogueira TI18N.csproj", "{A8B02AA7-D965-4B02-AF18-BEAAC9372081}"
EndProject
Global
	GlobalSection(SolutionConfigurationPlatforms) = preSolution
		Debug|Any CPU = Debug|Any CPU
		Release|Any CPU = Release|Any CPU
	EndGlobalSection
	GlobalSection(ProjectConfigurationPlatforms) = postSolution
		{A8B02AA7-D965-4B02-AF18-BEAAC9372081}.Debug|Any CPU.ActiveCfg = Debug|Any CPU
		{A8B02AA7-D965-4B02-AF18-BEAAC9372081}.Debug|Any CPU.Build.0 = Debug|Any CPU
		{A8B02AA7-D965-4B02-AF18-BEAAC9372081}.Release|Any CPU.ActiveCfg = Release|Any CPU
		{A8B02AA7-D965-4B02-AF18-BEAAC9372081}.Release|Any CPU.Build.0 = Release|Any CPU
	EndGlobalSection
	GlobalSection(SolutionProperties) = preSolution
		HideSolutionNode = FALSE
	EndGlobalSection
	GlobalSection(ExtensibilityGlobals) = postSolution
		SolutionGuid = {8F19FBE8-5B41-4E13-8B54-E432DDECC018}
	EndGlobalSection
EndGlobal
